// !$*UTF8*$!
{
	archiveVersion = 1;
	classes = {
	};
	objectVersion = 55;
	objects = {

/* Begin PBXBuildFile section */
		323ECD2228841396003B3E31 /* Binary+size.swift in Sources */ = {isa = PBXBuildFile; fileRef = 323ECD2128841396003B3E31 /* Binary+size.swift */; };
		323ECD24288414B4003B3E31 /* Color+custom.swift in Sources */ = {isa = PBXBuildFile; fileRef = 323ECD23288414B4003B3E31 /* Color+custom.swift */; };
		323ECD2628841565003B3E31 /* OnboardingView.swift in Sources */ = {isa = PBXBuildFile; fileRef = 323ECD2528841565003B3E31 /* OnboardingView.swift */; };
		323ECD29288421A2003B3E31 /* CapsuleButtonStyle.swift in Sources */ = {isa = PBXBuildFile; fileRef = 323ECD28288421A2003B3E31 /* CapsuleButtonStyle.swift */; };
		323ECD2B2884246F003B3E31 /* OnboardingState.swift in Sources */ = {isa = PBXBuildFile; fileRef = 323ECD2A2884246F003B3E31 /* OnboardingState.swift */; };
		323ECD3128842C46003B3E31 /* MainView.swift in Sources */ = {isa = PBXBuildFile; fileRef = 323ECD3028842C46003B3E31 /* MainView.swift */; };
		323ECD3428842D2C003B3E31 /* Launch Screen.storyboard in Resources */ = {isa = PBXBuildFile; fileRef = 323ECD3328842D2C003B3E31 /* Launch Screen.storyboard */; };
		323ECD3A28843507003B3E31 /* MarketView.swift in Sources */ = {isa = PBXBuildFile; fileRef = 323ECD3928843507003B3E31 /* MarketView.swift */; };
		323ECD3C28843511003B3E31 /* ProfileView.swift in Sources */ = {isa = PBXBuildFile; fileRef = 323ECD3B28843511003B3E31 /* ProfileView.swift */; };
		323ECD42288440BA003B3E31 /* MarketViewModel.swift in Sources */ = {isa = PBXBuildFile; fileRef = 323ECD41288440BA003B3E31 /* MarketViewModel.swift */; };
		323ECD442884411C003B3E31 /* Coin.swift in Sources */ = {isa = PBXBuildFile; fileRef = 323ECD432884411C003B3E31 /* Coin.swift */; };
		323ECD46288441F9003B3E31 /* View+onLoad.swift in Sources */ = {isa = PBXBuildFile; fileRef = 323ECD45288441F9003B3E31 /* View+onLoad.swift */; };
		323ECD49288442FE003B3E31 /* MarketCoinView.swift in Sources */ = {isa = PBXBuildFile; fileRef = 323ECD48288442FE003B3E31 /* MarketCoinView.swift */; };
		323ECD4B2884515B003B3E31 /* SelectableButtonStyle.swift in Sources */ = {isa = PBXBuildFile; fileRef = 323ECD4A2884515B003B3E31 /* SelectableButtonStyle.swift */; };
		323ECD4F2884547D003B3E31 /* CoinDetailsView.swift in Sources */ = {isa = PBXBuildFile; fileRef = 323ECD4E2884547D003B3E31 /* CoinDetailsView.swift */; };
		323ECD51288457B5003B3E31 /* UINavigationController+backButton.swift in Sources */ = {isa = PBXBuildFile; fileRef = 323ECD50288457B5003B3E31 /* UINavigationController+backButton.swift */; };
		323ECD53288468AF003B3E31 /* Double+currency.swift in Sources */ = {isa = PBXBuildFile; fileRef = 323ECD52288468AF003B3E31 /* Double+currency.swift */; };
		323ECD5528847AAA003B3E31 /* View+placeholder.swift in Sources */ = {isa = PBXBuildFile; fileRef = 323ECD5428847AAA003B3E31 /* View+placeholder.swift */; };
		323ECD5728847EAA003B3E31 /* CustomTextField.swift in Sources */ = {isa = PBXBuildFile; fileRef = 323ECD5628847EAA003B3E31 /* CustomTextField.swift */; };
		323ECD5928848127003B3E31 /* BorderButtonStyle.swift in Sources */ = {isa = PBXBuildFile; fileRef = 323ECD5828848127003B3E31 /* BorderButtonStyle.swift */; };
		323ECD5B288487BA003B3E31 /* Text+gradient.swift in Sources */ = {isa = PBXBuildFile; fileRef = 323ECD5A288487BA003B3E31 /* Text+gradient.swift */; };
		323ECD622884BD00003B3E31 /* News.swift in Sources */ = {isa = PBXBuildFile; fileRef = 323ECD612884BD00003B3E31 /* News.swift */; };
		323ECD642884BEA3003B3E31 /* ProfileViewModel.swift in Sources */ = {isa = PBXBuildFile; fileRef = 323ECD632884BEA3003B3E31 /* ProfileViewModel.swift */; };
		323ECD672884BF38003B3E31 /* ProfileNewsView.swift in Sources */ = {isa = PBXBuildFile; fileRef = 323ECD662884BF38003B3E31 /* ProfileNewsView.swift */; };
		323ECD692884C754003B3E31 /* ProfileCoinView.swift in Sources */ = {isa = PBXBuildFile; fileRef = 323ECD682884C754003B3E31 /* ProfileCoinView.swift */; };
		323ECD6B2884CF65003B3E31 /* ScalableButtonStyle.swift in Sources */ = {isa = PBXBuildFile; fileRef = 323ECD6A2884CF65003B3E31 /* ScalableButtonStyle.swift */; };
		324AEB4428840C590040320C /* CryptoWalletApp.swift in Sources */ = {isa = PBXBuildFile; fileRef = 324AEB4328840C590040320C /* CryptoWalletApp.swift */; };
		324AEB4828840C5B0040320C /* Assets.xcassets in Resources */ = {isa = PBXBuildFile; fileRef = 324AEB4728840C5B0040320C /* Assets.xcassets */; };
		324AEB4B28840C5B0040320C /* Preview Assets.xcassets in Resources */ = {isa = PBXBuildFile; fileRef = 324AEB4A28840C5B0040320C /* Preview Assets.xcassets */; };
		BF9A7C258972D7E38D28ED59 /* Pods_CryptoWallet.framework in Frameworks */ = {isa = PBXBuildFile; fileRef = BD68307AB8277891EC88F103 /* Pods_CryptoWallet.framework */; };
/* End PBXBuildFile section */

/* Begin PBXFileReference section */
		323ECD1E288412F9003B3E31 /* Info.plist */ = {isa = PBXFileReference; lastKnownFileType = text.plist; path = Info.plist; sourceTree = "<group>"; };
		323ECD2128841396003B3E31 /* Binary+size.swift */ = {isa = PBXFileReference; lastKnownFileType = sourcecode.swift; path = "Binary+size.swift"; sourceTree = "<group>"; };
		323ECD23288414B4003B3E31 /* Color+custom.swift */ = {isa = PBXFileReference; lastKnownFileType = sourcecode.swift; path = "Color+custom.swift"; sourceTree = "<group>"; };
		323ECD2528841565003B3E31 /* OnboardingView.swift */ = {isa = PBXFileReference; lastKnownFileType = sourcecode.swift; path = OnboardingView.swift; sourceTree = "<group>"; };
		323ECD28288421A2003B3E31 /* CapsuleButtonStyle.swift */ = {isa = PBXFileReference; lastKnownFileType = sourcecode.swift; path = CapsuleButtonStyle.swift; sourceTree = "<group>"; };
		323ECD2A2884246F003B3E31 /* OnboardingState.swift */ = {isa = PBXFileReference; lastKnownFileType = sourcecode.swift; path = OnboardingState.swift; sourceTree = "<group>"; };
		323ECD3028842C46003B3E31 /* MainView.swift */ = {isa = PBXFileReference; lastKnownFileType = sourcecode.swift; path = MainView.swift; sourceTree = "<group>"; };
		323ECD3328842D2C003B3E31 /* Launch Screen.storyboard */ = {isa = PBXFileReference; lastKnownFileType = file.storyboard; path = "Launch Screen.storyboard"; sourceTree = "<group>"; };
		323ECD3928843507003B3E31 /* MarketView.swift */ = {isa = PBXFileReference; lastKnownFileType = sourcecode.swift; path = MarketView.swift; sourceTree = "<group>"; };
		323ECD3B28843511003B3E31 /* ProfileView.swift */ = {isa = PBXFileReference; lastKnownFileType = sourcecode.swift; path = ProfileView.swift; sourceTree = "<group>"; };
		323ECD41288440BA003B3E31 /* MarketViewModel.swift */ = {isa = PBXFileReference; lastKnownFileType = sourcecode.swift; path = MarketViewModel.swift; sourceTree = "<group>"; };
		323ECD432884411C003B3E31 /* Coin.swift */ = {isa = PBXFileReference; lastKnownFileType = sourcecode.swift; path = Coin.swift; sourceTree = "<group>"; };
		323ECD45288441F9003B3E31 /* View+onLoad.swift */ = {isa = PBXFileReference; lastKnownFileType = sourcecode.swift; path = "View+onLoad.swift"; sourceTree = "<group>"; };
		323ECD48288442FE003B3E31 /* MarketCoinView.swift */ = {isa = PBXFileReference; lastKnownFileType = sourcecode.swift; path = MarketCoinView.swift; sourceTree = "<group>"; };
		323ECD4A2884515B003B3E31 /* SelectableButtonStyle.swift */ = {isa = PBXFileReference; lastKnownFileType = sourcecode.swift; path = SelectableButtonStyle.swift; sourceTree = "<group>"; };
		323ECD4E2884547D003B3E31 /* CoinDetailsView.swift */ = {isa = PBXFileReference; lastKnownFileType = sourcecode.swift; path = CoinDetailsView.swift; sourceTree = "<group>"; };
		323ECD50288457B5003B3E31 /* UINavigationController+backButton.swift */ = {isa = PBXFileReference; lastKnownFileType = sourcecode.swift; path = "UINavigationController+backButton.swift"; sourceTree = "<group>"; };
		323ECD52288468AF003B3E31 /* Double+currency.swift */ = {isa = PBXFileReference; lastKnownFileType = sourcecode.swift; path = "Double+currency.swift"; sourceTree = "<group>"; };
		323ECD5428847AAA003B3E31 /* View+placeholder.swift */ = {isa = PBXFileReference; lastKnownFileType = sourcecode.swift; path = "View+placeholder.swift"; sourceTree = "<group>"; };
		323ECD5628847EAA003B3E31 /* CustomTextField.swift */ = {isa = PBXFileReference; lastKnownFileType = sourcecode.swift; path = CustomTextField.swift; sourceTree = "<group>"; };
		323ECD5828848127003B3E31 /* BorderButtonStyle.swift */ = {isa = PBXFileReference; lastKnownFileType = sourcecode.swift; path = BorderButtonStyle.swift; sourceTree = "<group>"; };
		323ECD5A288487BA003B3E31 /* Text+gradient.swift */ = {isa = PBXFileReference; lastKnownFileType = sourcecode.swift; path = "Text+gradient.swift"; sourceTree = "<group>"; };
		323ECD612884BD00003B3E31 /* News.swift */ = {isa = PBXFileReference; lastKnownFileType = sourcecode.swift; path = News.swift; sourceTree = "<group>"; };
		323ECD632884BEA3003B3E31 /* ProfileViewModel.swift */ = {isa = PBXFileReference; lastKnownFileType = sourcecode.swift; path = ProfileViewModel.swift; sourceTree = "<group>"; };
		323ECD662884BF38003B3E31 /* ProfileNewsView.swift */ = {isa = PBXFileReference; lastKnownFileType = sourcecode.swift; path = ProfileNewsView.swift; sourceTree = "<group>"; };
		323ECD682884C754003B3E31 /* ProfileCoinView.swift */ = {isa = PBXFileReference; lastKnownFileType = sourcecode.swift; path = ProfileCoinView.swift; sourceTree = "<group>"; };
		323ECD6A2884CF65003B3E31 /* ScalableButtonStyle.swift */ = {isa = PBXFileReference; lastKnownFileType = sourcecode.swift; path = ScalableButtonStyle.swift; sourceTree = "<group>"; };
		324AEB4028840C590040320C /* CryptoWallet.app */ = {isa = PBXFileReference; explicitFileType = wrapper.application; includeInIndex = 0; path = CryptoWallet.app; sourceTree = BUILT_PRODUCTS_DIR; };
		324AEB4328840C590040320C /* CryptoWalletApp.swift */ = {isa = PBXFileReference; lastKnownFileType = sourcecode.swift; path = CryptoWalletApp.swift; sourceTree = "<group>"; };
		324AEB4728840C5B0040320C /* Assets.xcassets */ = {isa = PBXFileReference; lastKnownFileType = folder.assetcatalog; path = Assets.xcassets; sourceTree = "<group>"; };
		324AEB4A28840C5B0040320C /* Preview Assets.xcassets */ = {isa = PBXFileReference; lastKnownFileType = folder.assetcatalog; path = "Preview Assets.xcassets"; sourceTree = "<group>"; };
		44EDE3C357B85351D989D272 /* Pods-CryptoWallet.debug.xcconfig */ = {isa = PBXFileReference; includeInIndex = 1; lastKnownFileType = text.xcconfig; name = "Pods-CryptoWallet.debug.xcconfig"; path = "Target Support Files/Pods-CryptoWallet/Pods-CryptoWallet.debug.xcconfig"; sourceTree = "<group>"; };
		536CAC4B0B017670AD9C4258 /* Pods-CryptoWallet.release.xcconfig */ = {isa = PBXFileReference; includeInIndex = 1; lastKnownFileType = text.xcconfig; name = "Pods-CryptoWallet.release.xcconfig"; path = "Target Support Files/Pods-CryptoWallet/Pods-CryptoWallet.release.xcconfig"; sourceTree = "<group>"; };
		BD68307AB8277891EC88F103 /* Pods_CryptoWallet.framework */ = {isa = PBXFileReference; explicitFileType = wrapper.framework; includeInIndex = 0; path = Pods_CryptoWallet.framework; sourceTree = BUILT_PRODUCTS_DIR; };
/* End PBXFileReference section */

/* Begin PBXFrameworksBuildPhase section */
		324AEB3D28840C590040320C /* Frameworks */ = {
			isa = PBXFrameworksBuildPhase;
			buildActionMask = 2147483647;
			files = (
				BF9A7C258972D7E38D28ED59 /* Pods_CryptoWallet.framework in Frameworks */,
			);
			runOnlyForDeploymentPostprocessing = 0;
		};
/* End PBXFrameworksBuildPhase section */

/* Begin PBXGroup section */
		323ECD1F2884136F003B3E31 /* Shared */ = {
			isa = PBXGroup;
			children = (
				323ECD272884218D003B3E31 /* Custom UI */,
				323ECD202884137B003B3E31 /* Extensions */,
			);
			path = Shared;
			sourceTree = "<group>";
		};
		323ECD202884137B003B3E31 /* Extensions */ = {
			isa = PBXGroup;
			children = (
				323ECD2128841396003B3E31 /* Binary+size.swift */,
				323ECD23288414B4003B3E31 /* Color+custom.swift */,
				323ECD45288441F9003B3E31 /* View+onLoad.swift */,
				323ECD50288457B5003B3E31 /* UINavigationController+backButton.swift */,
				323ECD52288468AF003B3E31 /* Double+currency.swift */,
				323ECD5428847AAA003B3E31 /* View+placeholder.swift */,
				323ECD5A288487BA003B3E31 /* Text+gradient.swift */,
			);
			path = Extensions;
			sourceTree = "<group>";
		};
		323ECD272884218D003B3E31 /* Custom UI */ = {
			isa = PBXGroup;
			children = (
				323ECD28288421A2003B3E31 /* CapsuleButtonStyle.swift */,
				323ECD4A2884515B003B3E31 /* SelectableButtonStyle.swift */,
				323ECD5828848127003B3E31 /* BorderButtonStyle.swift */,
				323ECD6A2884CF65003B3E31 /* ScalableButtonStyle.swift */,
				323ECD5628847EAA003B3E31 /* CustomTextField.swift */,
			);
			path = "Custom UI";
			sourceTree = "<group>";
		};
		323ECD2C28842BCE003B3E31 /* Onboarding */ = {
			isa = PBXGroup;
			children = (
				323ECD2E28842BE7003B3E31 /* Model */,
				323ECD2D28842BE3003B3E31 /* View */,
			);
			path = Onboarding;
			sourceTree = "<group>";
		};
		323ECD2D28842BE3003B3E31 /* View */ = {
			isa = PBXGroup;
			children = (
				323ECD2528841565003B3E31 /* OnboardingView.swift */,
			);
			path = View;
			sourceTree = "<group>";
		};
		323ECD2E28842BE7003B3E31 /* Model */ = {
			isa = PBXGroup;
			children = (
				323ECD2A2884246F003B3E31 /* OnboardingState.swift */,
			);
			path = Model;
			sourceTree = "<group>";
		};
		323ECD2F28842C21003B3E31 /* Main */ = {
			isa = PBXGroup;
			children = (
				323ECD3228842C49003B3E31 /* View */,
			);
			path = Main;
			sourceTree = "<group>";
		};
		323ECD3228842C49003B3E31 /* View */ = {
			isa = PBXGroup;
			children = (
				323ECD3028842C46003B3E31 /* MainView.swift */,
			);
			path = View;
			sourceTree = "<group>";
		};
		323ECD35288434D8003B3E31 /* Profile */ = {
			isa = PBXGroup;
			children = (
				323ECD602884BCF3003B3E31 /* Model */,
				323ECD38288434FB003B3E31 /* View */,
			);
			path = Profile;
			sourceTree = "<group>";
		};
		323ECD36288434E4003B3E31 /* Market */ = {
			isa = PBXGroup;
			children = (
				323ECD40288440A9003B3E31 /* Model */,
				323ECD37288434F6003B3E31 /* View */,
			);
			path = Market;
			sourceTree = "<group>";
		};
		323ECD37288434F6003B3E31 /* View */ = {
			isa = PBXGroup;
			children = (
				323ECD47288442DB003B3E31 /* Subviews */,
				323ECD3928843507003B3E31 /* MarketView.swift */,
			);
			path = View;
			sourceTree = "<group>";
		};
		323ECD38288434FB003B3E31 /* View */ = {
			isa = PBXGroup;
			children = (
				323ECD652884BF19003B3E31 /* Subviews */,
				323ECD3B28843511003B3E31 /* ProfileView.swift */,
			);
			path = View;
			sourceTree = "<group>";
		};
		323ECD40288440A9003B3E31 /* Model */ = {
			isa = PBXGroup;
			children = (
				323ECD432884411C003B3E31 /* Coin.swift */,
				323ECD41288440BA003B3E31 /* MarketViewModel.swift */,
			);
			path = Model;
			sourceTree = "<group>";
		};
		323ECD47288442DB003B3E31 /* Subviews */ = {
			isa = PBXGroup;
			children = (
				323ECD48288442FE003B3E31 /* MarketCoinView.swift */,
			);
			path = Subviews;
			sourceTree = "<group>";
		};
		323ECD4C288453FC003B3E31 /* CoinDetails */ = {
			isa = PBXGroup;
			children = (
				323ECD4D2884546D003B3E31 /* View */,
			);
			path = CoinDetails;
			sourceTree = "<group>";
		};
		323ECD4D2884546D003B3E31 /* View */ = {
			isa = PBXGroup;
			children = (
				323ECD4E2884547D003B3E31 /* CoinDetailsView.swift */,
			);
			path = View;
			sourceTree = "<group>";
		};
		323ECD602884BCF3003B3E31 /* Model */ = {
			isa = PBXGroup;
			children = (
				323ECD612884BD00003B3E31 /* News.swift */,
				323ECD632884BEA3003B3E31 /* ProfileViewModel.swift */,
			);
			path = Model;
			sourceTree = "<group>";
		};
		323ECD652884BF19003B3E31 /* Subviews */ = {
			isa = PBXGroup;
			children = (
				323ECD662884BF38003B3E31 /* ProfileNewsView.swift */,
				323ECD682884C754003B3E31 /* ProfileCoinView.swift */,
			);
			path = Subviews;
			sourceTree = "<group>";
		};
		324AEB3728840C590040320C = {
			isa = PBXGroup;
			children = (
				324AEB4228840C590040320C /* CryptoWallet */,
				324AEB4128840C590040320C /* Products */,
				E8C06A00A99C824CD2428FC3 /* Pods */,
				EA692E0066F5FEDC521B58F9 /* Frameworks */,
			);
			sourceTree = "<group>";
		};
		324AEB4128840C590040320C /* Products */ = {
			isa = PBXGroup;
			children = (
				324AEB4028840C590040320C /* CryptoWallet.app */,
			);
			name = Products;
			sourceTree = "<group>";
		};
		324AEB4228840C590040320C /* CryptoWallet */ = {
			isa = PBXGroup;
			children = (
				324AEB4328840C590040320C /* CryptoWalletApp.swift */,
				323ECD1F2884136F003B3E31 /* Shared */,
				323ECD2C28842BCE003B3E31 /* Onboarding */,
				323ECD2F28842C21003B3E31 /* Main */,
				323ECD35288434D8003B3E31 /* Profile */,
				323ECD36288434E4003B3E31 /* Market */,
				323ECD4C288453FC003B3E31 /* CoinDetails */,
				324AEB4728840C5B0040320C /* Assets.xcassets */,
				323ECD3328842D2C003B3E31 /* Launch Screen.storyboard */,
				323ECD1E288412F9003B3E31 /* Info.plist */,
				324AEB4928840C5B0040320C /* Preview Content */,
			);
			path = CryptoWallet;
			sourceTree = "<group>";
		};
		324AEB4928840C5B0040320C /* Preview Content */ = {
			isa = PBXGroup;
			children = (
				324AEB4A28840C5B0040320C /* Preview Assets.xcassets */,
			);
			path = "Preview Content";
			sourceTree = "<group>";
		};
		E8C06A00A99C824CD2428FC3 /* Pods */ = {
			isa = PBXGroup;
			children = (
				44EDE3C357B85351D989D272 /* Pods-CryptoWallet.debug.xcconfig */,
				536CAC4B0B017670AD9C4258 /* Pods-CryptoWallet.release.xcconfig */,
			);
			path = Pods;
			sourceTree = "<group>";
		};
		EA692E0066F5FEDC521B58F9 /* Frameworks */ = {
			isa = PBXGroup;
			children = (
				BD68307AB8277891EC88F103 /* Pods_CryptoWallet.framework */,
			);
			name = Frameworks;
			sourceTree = "<group>";
		};
/* End PBXGroup section */

/* Begin PBXNativeTarget section */
		324AEB3F28840C590040320C /* CryptoWallet */ = {
			isa = PBXNativeTarget;
			buildConfigurationList = 324AEB4E28840C5B0040320C /* Build configuration list for PBXNativeTarget "CryptoWallet" */;
			buildPhases = (
				FE204100314945FCADAF47AA /* [CP] Check Pods Manifest.lock */,
				324AEB3C28840C590040320C /* Sources */,
				324AEB3D28840C590040320C /* Frameworks */,
				324AEB3E28840C590040320C /* Resources */,
				DFC063FEA8DB2340782D55AD /* [CP] Embed Pods Frameworks */,
			);
			buildRules = (
			);
			dependencies = (
			);
			name = CryptoWallet;
			productName = CryptoWallet;
			productReference = 324AEB4028840C590040320C /* CryptoWallet.app */;
			productType = "com.apple.product-type.application";
		};
/* End PBXNativeTarget section */

/* Begin PBXProject section */
		324AEB3828840C590040320C /* Project object */ = {
			isa = PBXProject;
			attributes = {
				BuildIndependentTargetsInParallel = 1;
				LastSwiftUpdateCheck = 1340;
				LastUpgradeCheck = 1340;
				TargetAttributes = {
					324AEB3F28840C590040320C = {
						CreatedOnToolsVersion = 13.4.1;
					};
				};
			};
			buildConfigurationList = 324AEB3B28840C590040320C /* Build configuration list for PBXProject "CryptoWallet" */;
			compatibilityVersion = "Xcode 13.0";
			developmentRegion = en;
			hasScannedForEncodings = 0;
			knownRegions = (
				en,
				Base,
			);
			mainGroup = 324AEB3728840C590040320C;
			productRefGroup = 324AEB4128840C590040320C /* Products */;
			projectDirPath = "";
			projectRoot = "";
			targets = (
				324AEB3F28840C590040320C /* CryptoWallet */,
			);
		};
/* End PBXProject section */

/* Begin PBXResourcesBuildPhase section */
		324AEB3E28840C590040320C /* Resources */ = {
			isa = PBXResourcesBuildPhase;
			buildActionMask = 2147483647;
			files = (
				323ECD3428842D2C003B3E31 /* Launch Screen.storyboard in Resources */,
				324AEB4B28840C5B0040320C /* Preview Assets.xcassets in Resources */,
				324AEB4828840C5B0040320C /* Assets.xcassets in Resources */,
			);
			runOnlyForDeploymentPostprocessing = 0;
		};
/* End PBXResourcesBuildPhase section */

/* Begin PBXShellScriptBuildPhase section */
		DFC063FEA8DB2340782D55AD /* [CP] Embed Pods Frameworks */ = {
			isa = PBXShellScriptBuildPhase;
			buildActionMask = 2147483647;
			files = (
			);
			inputFileListPaths = (
				"${PODS_ROOT}/Target Support Files/Pods-CryptoWallet/Pods-CryptoWallet-frameworks-${CONFIGURATION}-input-files.xcfilelist",
			);
			name = "[CP] Embed Pods Frameworks";
			outputFileListPaths = (
				"${PODS_ROOT}/Target Support Files/Pods-CryptoWallet/Pods-CryptoWallet-frameworks-${CONFIGURATION}-output-files.xcfilelist",
			);
			runOnlyForDeploymentPostprocessing = 0;
			shellPath = /bin/sh;
			shellScript = "\"${PODS_ROOT}/Target Support Files/Pods-CryptoWallet/Pods-CryptoWallet-frameworks.sh\"\n";
			showEnvVarsInLog = 0;
		};
		FE204100314945FCADAF47AA /* [CP] Check Pods Manifest.lock */ = {
			isa = PBXShellScriptBuildPhase;
			buildActionMask = 2147483647;
			files = (
			);
			inputFileListPaths = (
			);
			inputPaths = (
				"${PODS_PODFILE_DIR_PATH}/Podfile.lock",
				"${PODS_ROOT}/Manifest.lock",
			);
			name = "[CP] Check Pods Manifest.lock";
			outputFileListPaths = (
			);
			outputPaths = (
				"$(DERIVED_FILE_DIR)/Pods-CryptoWallet-checkManifestLockResult.txt",
			);
			runOnlyForDeploymentPostprocessing = 0;
			shellPath = /bin/sh;
			shellScript = "diff \"${PODS_PODFILE_DIR_PATH}/Podfile.lock\" \"${PODS_ROOT}/Manifest.lock\" > /dev/null\nif [ $? != 0 ] ; then\n    # print error to STDERR\n    echo \"error: The sandbox is not in sync with the Podfile.lock. Run 'pod install' or update your CocoaPods installation.\" >&2\n    exit 1\nfi\n# This output is used by Xcode 'outputs' to avoid re-running this script phase.\necho \"SUCCESS\" > \"${SCRIPT_OUTPUT_FILE_0}\"\n";
			showEnvVarsInLog = 0;
		};
/* End PBXShellScriptBuildPhase section */

/* Begin PBXSourcesBuildPhase section */
		324AEB3C28840C590040320C /* Sources */ = {
			isa = PBXSourcesBuildPhase;
			buildActionMask = 2147483647;
			files = (
				323ECD5528847AAA003B3E31 /* View+placeholder.swift in Sources */,
				323ECD672884BF38003B3E31 /* ProfileNewsView.swift in Sources */,
				323ECD3128842C46003B3E31 /* MainView.swift in Sources */,
				323ECD3C28843511003B3E31 /* ProfileView.swift in Sources */,
				324AEB4428840C590040320C /* CryptoWalletApp.swift in Sources */,
				323ECD3A28843507003B3E31 /* MarketView.swift in Sources */,
				323ECD5728847EAA003B3E31 /* CustomTextField.swift in Sources */,
				323ECD622884BD00003B3E31 /* News.swift in Sources */,
				323ECD24288414B4003B3E31 /* Color+custom.swift in Sources */,
				323ECD2628841565003B3E31 /* OnboardingView.swift in Sources */,
				323ECD42288440BA003B3E31 /* MarketViewModel.swift in Sources */,
				323ECD5B288487BA003B3E31 /* Text+gradient.swift in Sources */,
				323ECD4F2884547D003B3E31 /* CoinDetailsView.swift in Sources */,
				323ECD46288441F9003B3E31 /* View+onLoad.swift in Sources */,
				323ECD2228841396003B3E31 /* Binary+size.swift in Sources */,
				323ECD53288468AF003B3E31 /* Double+currency.swift in Sources */,
				323ECD642884BEA3003B3E31 /* ProfileViewModel.swift in Sources */,
				323ECD5928848127003B3E31 /* BorderButtonStyle.swift in Sources */,
				323ECD29288421A2003B3E31 /* CapsuleButtonStyle.swift in Sources */,
				323ECD442884411C003B3E31 /* Coin.swift in Sources */,
				323ECD51288457B5003B3E31 /* UINavigationController+backButton.swift in Sources */,
				323ECD6B2884CF65003B3E31 /* ScalableButtonStyle.swift in Sources */,
				323ECD4B2884515B003B3E31 /* SelectableButtonStyle.swift in Sources */,
				323ECD49288442FE003B3E31 /* MarketCoinView.swift in Sources */,
				323ECD2B2884246F003B3E31 /* OnboardingState.swift in Sources */,
				323ECD692884C754003B3E31 /* ProfileCoinView.swift in Sources */,
			);
			runOnlyForDeploymentPostprocessing = 0;
		};
/* End PBXSourcesBuildPhase section */

/* Begin XCBuildConfiguration section */
		324AEB4C28840C5B0040320C /* Debug */ = {
			isa = XCBuildConfiguration;
			buildSettings = {
				ALWAYS_SEARCH_USER_PATHS = NO;
				CLANG_ANALYZER_NONNULL = YES;
				CLANG_ANALYZER_NUMBER_OBJECT_CONVERSION = YES_AGGRESSIVE;
				CLANG_CXX_LANGUAGE_STANDARD = "gnu++17";
				CLANG_ENABLE_MODULES = YES;
				CLANG_ENABLE_OBJC_ARC = YES;
				CLANG_ENABLE_OBJC_WEAK = YES;
				CLANG_WARN_BLOCK_CAPTURE_AUTORELEASING = YES;
				CLANG_WARN_BOOL_CONVERSION = YES;
				CLANG_WARN_COMMA = YES;
				CLANG_WARN_CONSTANT_CONVERSION = YES;
				CLANG_WARN_DEPRECATED_OBJC_IMPLEMENTATIONS = YES;
				CLANG_WARN_DIRECT_OBJC_ISA_USAGE = YES_ERROR;
				CLANG_WARN_DOCUMENTATION_COMMENTS = YES;
				CLANG_WARN_EMPTY_BODY = YES;
				CLANG_WARN_ENUM_CONVERSION = YES;
				CLANG_WARN_INFINITE_RECURSION = YES;
				CLANG_WARN_INT_CONVERSION = YES;
				CLANG_WARN_NON_LITERAL_NULL_CONVERSION = YES;
				CLANG_WARN_OBJC_IMPLICIT_RETAIN_SELF = YES;
				CLANG_WARN_OBJC_LITERAL_CONVERSION = YES;
				CLANG_WARN_OBJC_ROOT_CLASS = YES_ERROR;
				CLANG_WARN_QUOTED_INCLUDE_IN_FRAMEWORK_HEADER = YES;
				CLANG_WARN_RANGE_LOOP_ANALYSIS = YES;
				CLANG_WARN_STRICT_PROTOTYPES = YES;
				CLANG_WARN_SUSPICIOUS_MOVE = YES;
				CLANG_WARN_UNGUARDED_AVAILABILITY = YES_AGGRESSIVE;
				CLANG_WARN_UNREACHABLE_CODE = YES;
				CLANG_WARN__DUPLICATE_METHOD_MATCH = YES;
				COPY_PHASE_STRIP = NO;
				DEBUG_INFORMATION_FORMAT = dwarf;
				ENABLE_STRICT_OBJC_MSGSEND = YES;
				ENABLE_TESTABILITY = YES;
				GCC_C_LANGUAGE_STANDARD = gnu11;
				GCC_DYNAMIC_NO_PIC = NO;
				GCC_NO_COMMON_BLOCKS = YES;
				GCC_OPTIMIZATION_LEVEL = 0;
				GCC_PREPROCESSOR_DEFINITIONS = (
					"DEBUG=1",
					"$(inherited)",
				);
				GCC_WARN_64_TO_32_BIT_CONVERSION = YES;
				GCC_WARN_ABOUT_RETURN_TYPE = YES_ERROR;
				GCC_WARN_UNDECLARED_SELECTOR = YES;
				GCC_WARN_UNINITIALIZED_AUTOS = YES_AGGRESSIVE;
				GCC_WARN_UNUSED_FUNCTION = YES;
				GCC_WARN_UNUSED_VARIABLE = YES;
				IPHONEOS_DEPLOYMENT_TARGET = 14.0;
				MTL_ENABLE_DEBUG_INFO = INCLUDE_SOURCE;
				MTL_FAST_MATH = YES;
				ONLY_ACTIVE_ARCH = YES;
				SDKROOT = iphoneos;
				SWIFT_ACTIVE_COMPILATION_CONDITIONS = DEBUG;
				SWIFT_OPTIMIZATION_LEVEL = "-Onone";
			};
			name = Debug;
		};
		324AEB4D28840C5B0040320C /* Release */ = {
			isa = XCBuildConfiguration;
			buildSettings = {
				ALWAYS_SEARCH_USER_PATHS = NO;
				CLANG_ANALYZER_NONNULL = YES;
				CLANG_ANALYZER_NUMBER_OBJECT_CONVERSION = YES_AGGRESSIVE;
				CLANG_CXX_LANGUAGE_STANDARD = "gnu++17";
				CLANG_ENABLE_MODULES = YES;
				CLANG_ENABLE_OBJC_ARC = YES;
				CLANG_ENABLE_OBJC_WEAK = YES;
				CLANG_WARN_BLOCK_CAPTURE_AUTORELEASING = YES;
				CLANG_WARN_BOOL_CONVERSION = YES;
				CLANG_WARN_COMMA = YES;
				CLANG_WARN_CONSTANT_CONVERSION = YES;
				CLANG_WARN_DEPRECATED_OBJC_IMPLEMENTATIONS = YES;
				CLANG_WARN_DIRECT_OBJC_ISA_USAGE = YES_ERROR;
				CLANG_WARN_DOCUMENTATION_COMMENTS = YES;
				CLANG_WARN_EMPTY_BODY = YES;
				CLANG_WARN_ENUM_CONVERSION = YES;
				CLANG_WARN_INFINITE_RECURSION = YES;
				CLANG_WARN_INT_CONVERSION = YES;
				CLANG_WARN_NON_LITERAL_NULL_CONVERSION = YES;
				CLANG_WARN_OBJC_IMPLICIT_RETAIN_SELF = YES;
				CLANG_WARN_OBJC_LITERAL_CONVERSION = YES;
				CLANG_WARN_OBJC_ROOT_CLASS = YES_ERROR;
				CLANG_WARN_QUOTED_INCLUDE_IN_FRAMEWORK_HEADER = YES;
				CLANG_WARN_RANGE_LOOP_ANALYSIS = YES;
				CLANG_WARN_STRICT_PROTOTYPES = YES;
				CLANG_WARN_SUSPICIOUS_MOVE = YES;
				CLANG_WARN_UNGUARDED_AVAILABILITY = YES_AGGRESSIVE;
				CLANG_WARN_UNREACHABLE_CODE = YES;
				CLANG_WARN__DUPLICATE_METHOD_MATCH = YES;
				COPY_PHASE_STRIP = NO;
				DEBUG_INFORMATION_FORMAT = "dwarf-with-dsym";
				ENABLE_NS_ASSERTIONS = NO;
				ENABLE_STRICT_OBJC_MSGSEND = YES;
				GCC_C_LANGUAGE_STANDARD = gnu11;
				GCC_NO_COMMON_BLOCKS = YES;
				GCC_WARN_64_TO_32_BIT_CONVERSION = YES;
				GCC_WARN_ABOUT_RETURN_TYPE = YES_ERROR;
				GCC_WARN_UNDECLARED_SELECTOR = YES;
				GCC_WARN_UNINITIALIZED_AUTOS = YES_AGGRESSIVE;
				GCC_WARN_UNUSED_FUNCTION = YES;
				GCC_WARN_UNUSED_VARIABLE = YES;
				IPHONEOS_DEPLOYMENT_TARGET = 14.0;
				MTL_ENABLE_DEBUG_INFO = NO;
				MTL_FAST_MATH = YES;
				SDKROOT = iphoneos;
				SWIFT_COMPILATION_MODE = wholemodule;
				SWIFT_OPTIMIZATION_LEVEL = "-O";
				VALIDATE_PRODUCT = YES;
			};
			name = Release;
		};
		324AEB4F28840C5B0040320C /* Debug */ = {
			isa = XCBuildConfiguration;
			baseConfigurationReference = 44EDE3C357B85351D989D272 /* Pods-CryptoWallet.debug.xcconfig */;
			buildSettings = {
				ASSETCATALOG_COMPILER_APPICON_NAME = AppIcon;
				ASSETCATALOG_COMPILER_GLOBAL_ACCENT_COLOR_NAME = AccentColor;
				CODE_SIGN_STYLE = Automatic;
				CURRENT_PROJECT_VERSION = 1;
				DEVELOPMENT_ASSET_PATHS = "\"CryptoWallet/Preview Content\"";
				DEVELOPMENT_TEAM = 7RCT4GHCWV;
				ENABLE_PREVIEWS = YES;
				GENERATE_INFOPLIST_FILE = YES;
				INFOPLIST_FILE = CryptoWallet/Info.plist;
				INFOPLIST_KEY_UIApplicationSupportsIndirectInputEvents = YES;
				INFOPLIST_KEY_UILaunchScreen_Generation = YES;
				INFOPLIST_KEY_UILaunchStoryboardName = "Launch Screen";
				INFOPLIST_KEY_UISupportedInterfaceOrientations = UIInterfaceOrientationPortrait;
				INFOPLIST_KEY_UISupportedInterfaceOrientations_iPad = UIInterfaceOrientationPortrait;
				INFOPLIST_KEY_UISupportedInterfaceOrientations_iPhone = UIInterfaceOrientationPortrait;
				INFOPLIST_KEY_UIUserInterfaceStyle = Light;
				IPHONEOS_DEPLOYMENT_TARGET = 14.0;
				LD_RUNPATH_SEARCH_PATHS = (
					"$(inherited)",
					"@executable_path/Frameworks",
				);
				MARKETING_VERSION = 1.0;
				PRODUCT_BUNDLE_IDENTIFIER = com.krbiz.cryptowallet;
				PRODUCT_NAME = "$(TARGET_NAME)";
				SWIFT_EMIT_LOC_STRINGS = YES;
				SWIFT_VERSION = 5.0;
				TARGETED_DEVICE_FAMILY = 1;
			};
			name = Debug;
		};
		324AEB5028840C5B0040320C /* Release */ = {
			isa = XCBuildConfiguration;
			baseConfigurationReference = 536CAC4B0B017670AD9C4258 /* Pods-CryptoWallet.release.xcconfig */;
			buildSettings = {
				ASSETCATALOG_COMPILER_APPICON_NAME = AppIcon;
				ASSETCATALOG_COMPILER_GLOBAL_ACCENT_COLOR_NAME = AccentColor;
				CODE_SIGN_STYLE = Automatic;
				CURRENT_PROJECT_VERSION = 1;
				DEVELOPMENT_ASSET_PATHS = "\"CryptoWallet/Preview Content\"";
				DEVELOPMENT_TEAM = 7RCT4GHCWV;
				ENABLE_PREVIEWS = YES;
				GENERATE_INFOPLIST_FILE = YES;
				INFOPLIST_FILE = CryptoWallet/Info.plist;
				INFOPLIST_KEY_UIApplicationSupportsIndirectInputEvents = YES;
				INFOPLIST_KEY_UILaunchScreen_Generation = YES;
				INFOPLIST_KEY_UILaunchStoryboardName = "Launch Screen";
				INFOPLIST_KEY_UISupportedInterfaceOrientations = UIInterfaceOrientationPortrait;
				INFOPLIST_KEY_UISupportedInterfaceOrientations_iPad = UIInterfaceOrientationPortrait;
				INFOPLIST_KEY_UISupportedInterfaceOrientations_iPhone = UIInterfaceOrientationPortrait;
				INFOPLIST_KEY_UIUserInterfaceStyle = Light;
				IPHONEOS_DEPLOYMENT_TARGET = 14.0;
				LD_RUNPATH_SEARCH_PATHS = (
					"$(inherited)",
					"@executable_path/Frameworks",
				);
				MARKETING_VERSION = 1.0;
				PRODUCT_BUNDLE_IDENTIFIER = com.krbiz.cryptowallet;
				PRODUCT_NAME = "$(TARGET_NAME)";
				SWIFT_EMIT_LOC_STRINGS = YES;
				SWIFT_VERSION = 5.0;
				TARGETED_DEVICE_FAMILY = 1;
			};
			name = Release;
		};
/* End XCBuildConfiguration section */

/* Begin XCConfigurationList section */
		324AEB3B28840C590040320C /* Build configuration list for PBXProject "CryptoWallet" */ = {
			isa = XCConfigurationList;
			buildConfigurations = (
				324AEB4C28840C5B0040320C /* Debug */,
				324AEB4D28840C5B0040320C /* Release */,
			);
			defaultConfigurationIsVisible = 0;
			defaultConfigurationName = Release;
		};
		324AEB4E28840C5B0040320C /* Build configuration list for PBXNativeTarget "CryptoWallet" */ = {
			isa = XCConfigurationList;
			buildConfigurations = (
				324AEB4F28840C5B0040320C /* Debug */,
				324AEB5028840C5B0040320C /* Release */,
			);
			defaultConfigurationIsVisible = 0;
			defaultConfigurationName = Release;
		};
/* End XCConfigurationList section */
	};
	rootObject = 324AEB3828840C590040320C /* Project object */;
}
